
Microsoft Visual Studio Solution File, Format Version 12.00
# Visual Studio Version 17
VisualStudioVersion = 17.1.32228.430
MinimumVisualStudioVersion = 10.0.40219.1
Project("{FAE04EC0-301F-11D3-BF4B-00C04F79EFBC}") = "NETSWAGApp.Android", "NETSWAGApp.Android\NETSWAGApp.Android.csproj", "{4DC09BDF-81EF-4B8E-A629-466700E6653D}"
EndProject
Project("{FAE04EC0-301F-11D3-BF4B-00C04F79EFBC}") = "NETSWAGApp.iOS", "NETSWAGApp.iOS\NETSWAGApp.iOS.csproj", "{4DD7F645-5889-4C06-B11F-6893EA13B0F1}"
EndProject
Project("{FAE04EC0-301F-11D3-BF4B-00C04F79EFBC}") = "NETSWAGApp", "NETSWAGApp\NETSWAGApp.csproj", "{58CCDC4E-7A4D-4998-AF98-EC588F105A84}"
EndProject
Global
	GlobalSection(SolutionConfigurationPlatforms) = preSolution
		Debug|Any CPU = Debug|Any CPU
		Debug|iPhone = Debug|iPhone
		Debug|iPhoneSimulator = Debug|iPhoneSimulator
		Release|Any CPU = Release|Any CPU
		Release|iPhone = Release|iPhone
		Release|iPhoneSimulator = Release|iPhoneSimulator
	EndGlobalSection
	GlobalSection(ProjectConfigurationPlatforms) = postSolution
		{4DC09BDF-81EF-4B8E-A629-466700E6653D}.Debug|Any CPU.ActiveCfg = Debug|Any CPU
		{4DC09BDF-81EF-4B8E-A629-466700E6653D}.Debug|Any CPU.Build.0 = Debug|Any CPU
		{4DC09BDF-81EF-4B8E-A629-466700E6653D}.Debug|Any CPU.Deploy.0 = Debug|Any CPU
		{4DC09BDF-81EF-4B8E-A629-466700E6653D}.Debug|iPhone.ActiveCfg = Debug|Any CPU
		{4DC09BDF-81EF-4B8E-A629-466700E6653D}.Debug|iPhone.Build.0 = Debug|Any CPU
		{4DC09BDF-81EF-4B8E-A629-466700E6653D}.Debug|iPhone.Deploy.0 = Debug|Any CPU
		{4DC09BDF-81EF-4B8E-A629-466700E6653D}.Debug|iPhoneSimulator.ActiveCfg = Debug|Any CPU
		{4DC09BDF-81EF-4B8E-A629-466700E6653D}.Debug|iPhoneSimulator.Build.0 = Debug|Any CPU
		{4DC09BDF-81EF-4B8E-A629-466700E6653D}.Debug|iPhoneSimulator.Deploy.0 = Debug|Any CPU
		{4DC09BDF-81EF-4B8E-A629-466700E6653D}.Release|Any CPU.ActiveCfg = Release|Any CPU
		{4DC09BDF-81EF-4B8E-A629-466700E6653D}.Release|Any CPU.Build.0 = Release|Any CPU
		{4DC09BDF-81EF-4B8E-A629-466700E6653D}.Release|Any CPU.Deploy.0 = Release|Any CPU
		{4DC09BDF-81EF-4B8E-A629-466700E6653D}.Release|iPhone.ActiveCfg = Release|Any CPU
		{4DC09BDF-81EF-4B8E-A629-466700E6653D}.Release|iPhone.Build.0 = Release|Any CPU
		{4DC09BDF-81EF-4B8E-A629-466700E6653D}.Release|iPhone.Deploy.0 = Release|Any CPU
		{4DC09BDF-81EF-4B8E-A629-466700E6653D}.Release|iPhoneSimulator.ActiveCfg = Release|Any CPU
		{4DC09BDF-81EF-4B8E-A629-466700E6653D}.Release|iPhoneSimulator.Build.0 = Release|Any CPU
		{4DC09BDF-81EF-4B8E-A629-466700E6653D}.Release|iPhoneSimulator.Deploy.0 = Release|Any CPU
		{4DD7F645-5889-4C06-B11F-6893EA13B0F1}.Debug|Any CPU.ActiveCfg = Debug|iPhone
		{4DD7F645-5889-4C06-B11F-6893EA13B0F1}.Debug|Any CPU.Build.0 = Debug|iPhone
		{4DD7F645-5889-4C06-B11F-6893EA13B0F1}.Debug|Any CPU.Deploy.0 = Debug|iPhone
		{4DD7F645-5889-4C06-B11F-6893EA13B0F1}.Debug|iPhone.ActiveCfg = Debug|iPhone
		{4DD7F645-5889-4C06-B11F-6893EA13B0F1}.Debug|iPhone.Build.0 = Debug|iPhone
		{4DD7F645-5889-4C06-B11F-6893EA13B0F1}.Debug|iPhone.Deploy.0 = Debug|iPhone
		{4DD7F645-5889-4C06-B11F-6893EA13B0F1}.Debug|iPhoneSimulator.ActiveCfg = Debug|iPhoneSimulator
		{4DD7F645-5889-4C06-B11F-6893EA13B0F1}.Debug|iPhoneSimulator.Build.0 = Debug|iPhoneSimulator
		{4DD7F645-5889-4C06-B11F-6893EA13B0F1}.Debug|iPhoneSimulator.Deploy.0 = Debug|iPhoneSimulator
		{4DD7F645-5889-4C06-B11F-6893EA13B0F1}.Release|Any CPU.ActiveCfg = Release|iPhoneSimulator
		{4DD7F645-5889-4C06-B11F-6893EA13B0F1}.Release|Any CPU.Build.0 = Release|iPhoneSimulator
		{4DD7F645-5889-4C06-B11F-6893EA13B0F1}.Release|Any CPU.Deploy.0 = Release|iPhoneSimulator
		{4DD7F645-5889-4C06-B11F-6893EA13B0F1}.Release|iPhone.ActiveCfg = Release|iPhone
		{4DD7F645-5889-4C06-B11F-6893EA13B0F1}.Release|iPhone.Build.0 = Release|iPhone
		{4DD7F645-5889-4C06-B11F-6893EA13B0F1}.Release|iPhone.Deploy.0 = Release|iPhone
		{4DD7F645-5889-4C06-B11F-6893EA13B0F1}.Release|iPhoneSimulator.ActiveCfg = Release|iPhoneSimulator
		{4DD7F645-5889-4C06-B11F-6893EA13B0F1}.Release|iPhoneSimulator.Build.0 = Release|iPhoneSimulator
		{4DD7F645-5889-4C06-B11F-6893EA13B0F1}.Release|iPhoneSimulator.Deploy.0 = Release|iPhoneSimulator
		{58CCDC4E-7A4D-4998-AF98-EC588F105A84}.Debug|Any CPU.ActiveCfg = Debug|Any CPU
		{58CCDC4E-7A4D-4998-AF98-EC588F105A84}.Debug|Any CPU.Build.0 = Debug|Any CPU
		{58CCDC4E-7A4D-4998-AF98-EC588F105A84}.Debug|Any CPU.Deploy.0 = Debug|Any CPU
		{58CCDC4E-7A4D-4998-AF98-EC588F105A84}.Debug|iPhone.ActiveCfg = Debug|Any CPU
		{58CCDC4E-7A4D-4998-AF98-EC588F105A84}.Debug|iPhone.Build.0 = Debug|Any CPU
		{58CCDC4E-7A4D-4998-AF98-EC588F105A84}.Debug|iPhone.Deploy.0 = Debug|Any CPU
		{58CCDC4E-7A4D-4998-AF98-EC588F105A84}.Debug|iPhoneSimulator.ActiveCfg = Debug|Any CPU
		{58CCDC4E-7A4D-4998-AF98-EC588F105A84}.Debug|iPhoneSimulator.Build.0 = Debug|Any CPU
		{58CCDC4E-7A4D-4998-AF98-EC588F105A84}.Debug|iPhoneSimulator.Deploy.0 = Debug|Any CPU
		{58CCDC4E-7A4D-4998-AF98-EC588F105A84}.Release|Any CPU.ActiveCfg = Release|Any CPU
		{58CCDC4E-7A4D-4998-AF98-EC588F105A84}.Release|Any CPU.Build.0 = Release|Any CPU
		{58CCDC4E-7A4D-4998-AF98-EC588F105A84}.Release|Any CPU.Deploy.0 = Release|Any CPU
		{58CCDC4E-7A4D-4998-AF98-EC588F105A84}.Release|iPhone.ActiveCfg = Release|Any CPU
		{58CCDC4E-7A4D-4998-AF98-EC588F105A84}.Release|iPhone.Build.0 = Release|Any CPU
		{58CCDC4E-7A4D-4998-AF98-EC588F105A84}.Release|iPhone.Deploy.0 = Release|Any CPU
		{58CCDC4E-7A4D-4998-AF98-EC588F105A84}.Release|iPhoneSimulator.ActiveCfg = Release|Any CPU
		{58CCDC4E-7A4D-4998-AF98-EC588F105A84}.Release|iPhoneSimulator.Build.0 = Release|Any CPU
		{58CCDC4E-7A4D-4998-AF98-EC588F105A84}.Release|iPhoneSimulator.Deploy.0 = Release|Any CPU
	EndGlobalSection
	GlobalSection(SolutionProperties) = preSolution
		HideSolutionNode = FALSE
	EndGlobalSection
	GlobalSection(ExtensibilityGlobals) = postSolution
		SolutionGuid = {8C33199B-D51A-4489-90FA-6D4CACF46525}
	EndGlobalSection
EndGlobal
